{
    "_meta": {
        "hash": {
            "sha256": "722d5cfa260655829289785103b936f15c68064da78cd4c9e6a0fac4e1834aca"
        },
        "pipfile-spec": 6,
        "requires": {
            "python_version": "3.12"
        },
        "sources": [
            {
                "name": "pypi",
                "url": "https://pypi.org/simple",
                "verify_ssl": true
            }
        ]
    },
    "default": {
        "cachetools": {
            "hashes": [
                "sha256:1d9d5f567be80f7c07d765e21b814326d78c61eb0c3a637dffc0e5d1796cb2e2",
                "sha256:f469e29e7aa4cff64d8de4aad95ce76de8ea1125a16c68e0d93f65c3c3dc92e9"
            ],
            "index": "pypi",
            "markers": "python_version ~= '3.5'",
            "version": "==4.2.1"
        },
        "certifi": {
            "hashes": [
                "sha256:0569859f95fc761b18b45ef421b1290a0f65f147e92a1e5eb3e635f9a5e4e66f",
                "sha256:dc383c07b76109f368f6106eee2b593b04a011ea4d55f652c6ca24a754d1cdd1"
            ],
            "index": "pypi",
            "markers": "python_version >= '3.6'",
            "version": "==2024.2.2"
        },
        "click": {
            "hashes": [
                "sha256:ae74fb96c20a0277a1d615f1e4d73c8414f5a98db8b799a7931d1582f3390c28",
                "sha256:ca9853ad459e787e2192211578cc907e7594e294c7ccc834310722b41b9ca6de"
            ],
            "index": "pypi",
            "markers": "python_version >= '3.7'",
            "version": "==8.1.7"
        },
        "clickhouse-connect": {
            "hashes": [
                "sha256:0015aeaecffef53c725a76963cfd60f74947dce82b7df525fba9bd5c8f096182",
                "sha256:0102bf3c5d84ef5cda05cc5c4de05992d0e5e46a992188199a08bdc36fbe94a3",
                "sha256:02792590218e2b106a0dc87b0d21ab895c1643e9a62993b0b9922ac6a97ed0f5",
                "sha256:04cc78a342511798cd24a8e9304930a19057d775c6b91cd83972b3cab66d28a2",
                "sha256:073c550b8433e31955a3468013147f339ad03650929467b73b120c8a788aa64a",
                "sha256:09d1f7ed3d24e6b6ee26b8e3a47fccc3f86da366287728acaf1e38cfe587a78d",
                "sha256:0f4193160c1a3bdd9569d407ec00d31c2c2c7f3748c97721005da496f609579b",
                "sha256:10c7780e8bae624f6fc5aa25cccf44c0d56a91d5c02511fedfc02befa3a4cba1",
                "sha256:15cc99ab4dcbc850dd541796a8310c273a9d18f8ebfc6dedd71884101c4a20a1",
                "sha256:1b3df18dee46483cc982043f0ddccd301cd7eb1fc01a7f292ba62f41640f8d4f",
                "sha256:1c0467f4b7726389c908cc8b1c700aa86c888b5cad51715285122ff40526a16c",
                "sha256:1d5fd5f860ab28aa7096f79a866082251627218e5d994800dda6b4b860a5efc1",
                "sha256:20905d467c61b334fe20af9432f06ff8ddd706eb9fba4596a7f629ae58897a36",
                "sha256:20e9832d3a6a2052cd1531463c492ac5175d17ff7c0e2129f0ca5525cc4f58a6",
                "sha256:28eca36b4b399e3e419b159e015f21a64545b75cf9a2515e5e5d8ef44fff1dba",
                "sha256:29c6a031beeba8b5bdaaec06abf061a5a2ca60652f2c7d7f3dad99b4cfd9ccde",
                "sha256:2ac22b8615db9a028d7be0afadf2655f377a243922b381d69595b3a4f6ebd830",
                "sha256:31662144b8c75db19789825effe18b1e380fa5c479846bc3b81690ecf28fd35b",
                "sha256:344500947233ddc429fb4653407b063d3d4efae52a4d508ff38118ec7c8b9afb",
                "sha256:36ee57a5ab2d755f1ce0b05c1e1170c0cd23a22222b7af3394d1069552d33b01",
                "sha256:38024602cfe9c8889e14d75f99f51e70352ddefbe3db5bee15300e6888a7397f",
                "sha256:3a2584336f70f06e50bfd274827bdac9da1a94c98e90ae2f49f612d22bcfd202",
                "sha256:42880228bd4c1e499543d29c667159e7eccc4011ed6ceea7a32289d2a3b981a0",
                "sha256:460d56e33d66e1cca036b4adbba0008c897852cd21f6a3b4c32fcce8739d68f8",
                "sha256:46f90b12dd9d289fba9dcca0c49f38dc4ab34135b63f93e549cd859c3f59acf1",
                "sha256:5319d4a6f5a3484d20ba28954aaf417a3c37aa874877ed64fb635632025b4987",
                "sha256:5983630c818ad87fba29cfd800880673263c1f5cfa8e199f6617d1ad5d041169",
                "sha256:5e65271cc53099ca10cb0fa0ba24c6e35b82865ae58915e3d503584c13620ed0",
                "sha256:668ff0a87e06f18cc45d8fa3dcf2868cfa9d108f695fd2222c6b7efb23d66eba",
                "sha256:69ff583442b832a54919e5d475b3392f580e949b461e0b60eb993609075c1a90",
                "sha256:6a2cfe42fca283c5f2e2d20cf79808c097c576d5a1f37e4b2870dcb39cea16c2",
                "sha256:6e18df3466158bfaba9d5f52297701b31fa3d589a039392482a9a6be5341da17",
                "sha256:7282b19857f154ffbe2216c702a60b9a6aca5ae275ed6476fa4d12e18fba0941",
                "sha256:7982e8c35a80c49e13c33889e7944ba265baf0e95e3b66db3d01efe5e1de4408",
                "sha256:7e326370b0930dffb77d302f9ffbf418779f91c76b8386906e945b7986b625cf",
                "sha256:7e9fbb25ec59b1a8b306dbd448c458c722fab6f718adcfd2434113f1d2d12823",
                "sha256:7f6a1ffd05f18b599432d763d8f94b9e27023d4dd6a45419d4bce9bb94a8b7a8",
                "sha256:8467d9f9dab8869d7ca7d670b27abbb47393f69c0074060833e9fc01ed939ee5",
                "sha256:9000dbf2d3130d008488d41cfa72c9b91c14a95eed28efc142ff8dd02d753042",
                "sha256:92dba0b57d7e56be04f4906668af8852c1fbd1c73abac5a72bba46d496ead6c9",
                "sha256:959c3f324666ab97ccc324a0cf8b1c9eb2ecfcae32d05b3afc43f85b22aa486f",
                "sha256:9bfd180121d4fd18d35e00134c8006cfbbbd73f52cf7709e25e64c0e3e0f18cc",
                "sha256:9fc821567221eea914b0bc79cd46d25b95687585e35514bd4ab20e10ac688e67",
                "sha256:a2ba42da85cabf8077f84f06761009fb99e374eb72a9f76e5d5e3e5b796a53ac",
                "sha256:a48eecc60fd522a76d03737063b14affb8b5e77a8446222da838857a91fce467",
                "sha256:a74905ada295fe4ef8788b8fd8ebfa92277da0519535d3d379a8a6a4f3f6fc86",
                "sha256:a993bb9b0be4ba2e847bdf4ea1851fe9e5d0a2124a3bfd0bd97d1d376154d081",
                "sha256:b09dfcf48926b834090408b94d8be361c42b54fa892c29174b5883b34859577e",
                "sha256:b5a867e0a6556a7e6e7ef63c9c31561a47f5e2067758a89f583fbe03d093bd11",
                "sha256:b9629122594f628aaa1188c6924298d3d7c36534de4241a58a68716da433ef07",
                "sha256:bd0caa30d5d2ecf64337d43086064ccf6abd21d66e2bc62b41233e6f603598ac",
                "sha256:c08c09842873851b9b02df27f056da76f49aa777b1bd76108e386cd2c75fc0fa",
                "sha256:c985706917d870164b385e932041dd7a396acf41fc79ffd79cf04fe5153667d6",
                "sha256:cb7c302ff0f8224347ceb9ed047ee0ef0d264dd338b096e7432972015751aab1",
                "sha256:cbb77a32f7cb5178f625cecef3c7924a8896e1273bb3c1c0819c64b60ab96347",
                "sha256:cdd5babe7e6b6815afe48c162b1b84b365eb8e35eb6371df0880a71b55d18aa2",
                "sha256:d964dc6e270f1f0d38cf2a780608329b5140877fb556f4c45bdf349900f5ebc8",
                "sha256:dad10ba90eabfe215dfb1fef59f2821a95c752988e66f1093ca8590a51539b8f",
                "sha256:e3ec29fd00421a0832ad03b876d33982df87d3f4d15858d0d0bd5cd366301c4c",
                "sha256:ee9c165fe9149dbeb07a735bce4fbd928485dcf25ff0401b687fe9c64e1f4c38",
                "sha256:f34829a5539b4643247e4c870ee04f9f03423ff35fecb22e0e5723d724f50986",
                "sha256:f41c91b3a4342050232a1e513ab673e12d8b46105a3d0ab9a588c718d5108a65",
                "sha256:f77052d16947eb30b694b3627d8b3fd313976c26692a80ab45e2fcf9b7dfe156",
                "sha256:f945c97d6adaa9bfa12ce707bab91601a3c92d6548d0d6c0e3473413094d2e90",
                "sha256:fb302c45d79411ae862bf894a3bbc8fd2808c016bfe491db2c957e2803f71d62",
                "sha256:fc30ac90e5c660688f84da35434a2007fd7d846600e3c4039e4c38616c05575a"
            ],
            "index": "pypi",
            "markers": "python_version ~= '3.8'",
            "version": "==0.7.8"
        },
        "distlib": {
            "hashes": [
                "sha256:034db59a0b96f8ca18035f36290806a9a6e6bd9d1ff91e45a7f172eb17e51784",
                "sha256:1530ea13e350031b6312d8580ddb6b27a104275a31106523b8f123787f494f64"
            ],
            "index": "pypi",
            "version": "==0.3.8"
        },
        "drain3": {
            "hashes": [
                "sha256:9ab4b1407fad74f56554ae371ef019c3c7985861631f4bab46a0e92585125f75"
            ],
            "index": "pypi",
            "version": "==0.9.11"
        },
        "filelock": {
            "hashes": [
                "sha256:404e5e9253aa60ad457cae1be07c0f0ca90a63931200a47d9b6a6af84fd7b45f",
                "sha256:d13f466618bfde72bd2c18255e269f72542c6e70e7bac83a0232d6b1cc5c8cf4"
            ],
            "index": "pypi",
            "markers": "python_version >= '3.8'",
            "version": "==3.13.4"
        },
        "joblib": {
            "hashes": [
                "sha256:06d478d5674cbc267e7496a410ee875abd68e4340feff4490bcb7afb88060ae6",
                "sha256:2382c5816b2636fbd20a09e0f4e9dad4736765fdfb7dca582943b9c1366b3f0e"
            ],
            "index": "pypi",
            "markers": "python_version >= '3.8'",
            "version": "==1.4.2"
        },
        "jsonpickle": {
            "hashes": [
                "sha256:060f97096559d1b86aa16cac2f4ea5f7b6da0c15d8a4de150b78013a886f9a51",
                "sha256:8eb8323f0e12cb40687f0445e2115d8165901e20ac670add55bb53a95c68c0e5"
            ],
            "index": "pypi",
            "markers": "python_version >= '2.7'",
            "version": "==1.5.1"
        },
        "kafka-python": {
            "hashes": [
                "sha256:04dfe7fea2b63726cd6f3e79a2d86e709d608d74406638c5da33a01d45a9d7e3",
                "sha256:2d92418c7cb1c298fa6c7f0fb3519b520d0d7526ac6cb7ae2a4fc65a51a94b6e"
            ],
            "index": "pypi",
            "version": "==2.0.2"
        },
        "lz4": {
            "hashes": [
                "sha256:01fe674ef2889dbb9899d8a67361e0c4a2c833af5aeb37dd505727cf5d2a131e",
                "sha256:054b4631a355606e99a42396f5db4d22046a3397ffc3269a348ec41eaebd69d2",
                "sha256:0a136e44a16fc98b1abc404fbabf7f1fada2bdab6a7e970974fb81cf55b636d0",
                "sha256:0e9c410b11a31dbdc94c05ac3c480cb4b222460faf9231f12538d0074e56c563",
                "sha256:222a7e35137d7539c9c33bb53fcbb26510c5748779364014235afc62b0ec797f",
                "sha256:24b3206de56b7a537eda3a8123c644a2b7bf111f0af53bc14bed90ce5562d1aa",
                "sha256:2b901c7784caac9a1ded4555258207d9e9697e746cc8532129f150ffe1f6ba0d",
                "sha256:2f7b1839f795315e480fb87d9bc60b186a98e3e5d17203c6e757611ef7dcef61",
                "sha256:30e8c20b8857adef7be045c65f47ab1e2c4fabba86a9fa9a997d7674a31ea6b6",
                "sha256:31ea4be9d0059c00b2572d700bf2c1bc82f241f2c3282034a759c9a4d6ca4dc2",
                "sha256:337cb94488a1b060ef1685187d6ad4ba8bc61d26d631d7ba909ee984ea736be1",
                "sha256:33c9a6fd20767ccaf70649982f8f3eeb0884035c150c0b818ea660152cf3c809",
                "sha256:363ab65bf31338eb364062a15f302fc0fab0a49426051429866d71c793c23394",
                "sha256:43cf03059c0f941b772c8aeb42a0813d68d7081c009542301637e5782f8a33e2",
                "sha256:56f4fe9c6327adb97406f27a66420b22ce02d71a5c365c48d6b656b4aaeb7775",
                "sha256:5d35533bf2cee56f38ced91f766cd0038b6abf46f438a80d50c52750088be93f",
                "sha256:6756212507405f270b66b3ff7f564618de0606395c0fe10a7ae2ffcbbe0b1fba",
                "sha256:6cdc60e21ec70266947a48839b437d46025076eb4b12c76bd47f8e5eb8a75dcc",
                "sha256:abc197e4aca8b63f5ae200af03eb95fb4b5055a8f990079b5bdf042f568469dd",
                "sha256:b14d948e6dce389f9a7afc666d60dd1e35fa2138a8ec5306d30cd2e30d36b40c",
                "sha256:b47839b53956e2737229d70714f1d75f33e8ac26e52c267f0197b3189ca6de24",
                "sha256:b6d9ec061b9eca86e4dcc003d93334b95d53909afd5a32c6e4f222157b50c071",
                "sha256:b891880c187e96339474af2a3b2bfb11a8e4732ff5034be919aa9029484cd201",
                "sha256:bca8fccc15e3add173da91be8f34121578dc777711ffd98d399be35487c934bf",
                "sha256:c81703b12475da73a5d66618856d04b1307e43428a7e59d98cfe5a5d608a74c6",
                "sha256:d2507ee9c99dbddd191c86f0e0c8b724c76d26b0602db9ea23232304382e1f21",
                "sha256:e36cd7b9d4d920d3bfc2369840da506fa68258f7bb176b8743189793c055e43d",
                "sha256:e7d84b479ddf39fe3ea05387f10b779155fc0990125f4fb35d636114e1c63a2e",
                "sha256:eac9af361e0d98335a02ff12fb56caeb7ea1196cf1a49dbf6f17828a131da807",
                "sha256:edfd858985c23523f4e5a7526ca6ee65ff930207a7ec8a8f57a01eae506aaee7",
                "sha256:ee9ff50557a942d187ec85462bb0960207e7ec5b19b3b48949263993771c6205",
                "sha256:f0e822cd7644995d9ba248cb4b67859701748a93e2ab7fc9bc18c599a52e4604",
                "sha256:f180904f33bdd1e92967923a43c22899e303906d19b2cf8bb547db6653ea6e7d",
                "sha256:f1d18718f9d78182c6b60f568c9a9cec8a7204d7cb6fad4e511a2ef279e4cb05",
                "sha256:f4c7bf687303ca47d69f9f0133274958fd672efaa33fb5bcde467862d6c621f0",
                "sha256:f76176492ff082657ada0d0f10c794b6da5800249ef1692b35cf49b1e93e8ef7"
            ],
            "index": "pypi",
            "markers": "python_version >= '3.8'",
            "version": "==4.3.3"
        },
        "nltk": {
            "hashes": [
                "sha256:1834da3d0682cba4f2cede2f9aad6b0fafb6461ba451db0efb6f9c39798d64d3",
                "sha256:fd5c9109f976fa86bcadba8f91e47f5e9293bd034474752e92a520f81c93dda5"
            ],
            "index": "pypi",
            "markers": "python_version >= '3.7'",
            "version": "==3.8.1"
        },
        "numpy": {
            "hashes": [
                "sha256:03a8c78d01d9781b28a6989f6fa1bb2c4f2d51201cf99d3dd875df6fbd96b23b",
                "sha256:08beddf13648eb95f8d867350f6a018a4be2e5ad54c8d8caed89ebca558b2818",
                "sha256:1af303d6b2210eb850fcf03064d364652b7120803a0b872f5211f5234b399f20",
                "sha256:1dda2e7b4ec9dd512f84935c5f126c8bd8b9f2fc001e9f54af255e8c5f16b0e0",
                "sha256:2a02aba9ed12e4ac4eb3ea9421c420301a0c6460d9830d74a9df87efa4912010",
                "sha256:2e4ee3380d6de9c9ec04745830fd9e2eccb3e6cf790d39d7b98ffd19b0dd754a",
                "sha256:3373d5d70a5fe74a2c1bb6d2cfd9609ecf686d47a2d7b1d37a8f3b6bf6003aea",
                "sha256:47711010ad8555514b434df65f7d7b076bb8261df1ca9bb78f53d3b2db02e95c",
                "sha256:4c66707fabe114439db9068ee468c26bbdf909cac0fb58686a42a24de1760c71",
                "sha256:50193e430acfc1346175fcbdaa28ffec49947a06918b7b92130744e81e640110",
                "sha256:52b8b60467cd7dd1e9ed082188b4e6bb35aa5cdd01777621a1658910745b90be",
                "sha256:60dedbb91afcbfdc9bc0b1f3f402804070deed7392c23eb7a7f07fa857868e8a",
                "sha256:62b8e4b1e28009ef2846b4c7852046736bab361f7aeadeb6a5b89ebec3c7055a",
                "sha256:666dbfb6ec68962c033a450943ded891bed2d54e6755e35e5835d63f4f6931d5",
                "sha256:675d61ffbfa78604709862923189bad94014bef562cc35cf61d3a07bba02a7ed",
                "sha256:679b0076f67ecc0138fd2ede3a8fd196dddc2ad3254069bcb9faf9a79b1cebcd",
                "sha256:7349ab0fa0c429c82442a27a9673fc802ffdb7c7775fad780226cb234965e53c",
                "sha256:7ab55401287bfec946ced39700c053796e7cc0e3acbef09993a9ad2adba6ca6e",
                "sha256:7e50d0a0cc3189f9cb0aeb3a6a6af18c16f59f004b866cd2be1c14b36134a4a0",
                "sha256:95a7476c59002f2f6c590b9b7b998306fba6a5aa646b1e22ddfeaf8f78c3a29c",
                "sha256:96ff0b2ad353d8f990b63294c8986f1ec3cb19d749234014f4e7eb0112ceba5a",
                "sha256:9fad7dcb1aac3c7f0584a5a8133e3a43eeb2fe127f47e3632d43d677c66c102b",
                "sha256:9ff0f4f29c51e2803569d7a51c2304de5554655a60c5d776e35b4a41413830d0",
                "sha256:a354325ee03388678242a4d7ebcd08b5c727033fcff3b2f536aea978e15ee9e6",
                "sha256:a4abb4f9001ad2858e7ac189089c42178fcce737e4169dc61321660f1a96c7d2",
                "sha256:ab47dbe5cc8210f55aa58e4805fe224dac469cde56b9f731a4c098b91917159a",
                "sha256:afedb719a9dcfc7eaf2287b839d8198e06dcd4cb5d276a3df279231138e83d30",
                "sha256:b3ce300f3644fb06443ee2222c2201dd3a89ea6040541412b8fa189341847218",
                "sha256:b97fe8060236edf3662adfc2c633f56a08ae30560c56310562cb4f95500022d5",
                "sha256:bfe25acf8b437eb2a8b2d49d443800a5f18508cd811fea3181723922a8a82b07",
                "sha256:cd25bcecc4974d09257ffcd1f098ee778f7834c3ad767fe5db785be9a4aa9cb2",
                "sha256:d209d8969599b27ad20994c8e41936ee0964e6da07478d6c35016bc386b66ad4",
                "sha256:d5241e0a80d808d70546c697135da2c613f30e28251ff8307eb72ba696945764",
                "sha256:edd8b5fe47dab091176d21bb6de568acdd906d1887a4584a15a9a96a1dca06ef",
                "sha256:f870204a840a60da0b12273ef34f7051e98c3b5961b61b0c2c1be6dfd64fbcd3",
                "sha256:ffa75af20b44f8dba823498024771d5ac50620e6915abac414251bd971b4529f"
            ],
            "index": "pypi",
            "markers": "python_version >= '3.9'",
            "version": "==1.26.4"
        },
        "pandas": {
            "hashes": [
                "sha256:04f6ec3baec203c13e3f8b139fb0f9f86cd8c0b94603ae3ae8ce9a422e9f5bee",
                "sha256:06cf591dbaefb6da9de8472535b185cba556d0ce2e6ed28e21d919704fef1a9e",
                "sha256:0ab90f87093c13f3e8fa45b48ba9f39181046e8f3317d3aadb2fffbb1b978572",
                "sha256:0f573ab277252ed9aaf38240f3b54cfc90fff8e5cab70411ee1d03f5d51f3944",
                "sha256:101d0eb9c5361aa0146f500773395a03839a5e6ecde4d4b6ced88b7e5a1a6403",
                "sha256:11940e9e3056576ac3244baef2fedade891977bcc1cb7e5cc8f8cc7d603edc89",
                "sha256:1ba21b1d5c0e43416218db63037dbe1a01fc101dc6e6024bcad08123e48004ab",
                "sha256:4aa1d8707812a658debf03824016bf5ea0d516afdea29b7dc14cf687bc4d4ec6",
                "sha256:4acf681325ee1c7f950d058b05a820441075b0dd9a2adf5c4835b9bc056bf4fb",
                "sha256:53680dc9b2519cbf609c62db3ed7c0b499077c7fefda564e330286e619ff0dd9",
                "sha256:739cc70eaf17d57608639e74d63387b0d8594ce02f69e7a0b046f117974b3019",
                "sha256:76f27a809cda87e07f192f001d11adc2b930e93a2b0c4a236fde5429527423be",
                "sha256:7d2ed41c319c9fb4fd454fe25372028dfa417aacb9790f68171b2e3f06eae8cd",
                "sha256:88ecb5c01bb9ca927ebc4098136038519aa5d66b44671861ffab754cae75102c",
                "sha256:8df8612be9cd1c7797c93e1c5df861b2ddda0b48b08f2c3eaa0702cf88fb5f88",
                "sha256:94e714a1cca63e4f5939cdce5f29ba8d415d85166be3441165edd427dc9f6bc0",
                "sha256:9bd8a40f47080825af4317d0340c656744f2bfdb6819f818e6ba3cd24c0e1397",
                "sha256:9d1265545f579edf3f8f0cb6f89f234f5e44ba725a34d86535b1a1d38decbccc",
                "sha256:a935a90a76c44fe170d01e90a3594beef9e9a6220021acfb26053d01426f7dc2",
                "sha256:af5d3c00557d657c8773ef9ee702c61dd13b9d7426794c9dfeb1dc4a0bf0ebc7",
                "sha256:c2ce852e1cf2509a69e98358e8458775f89599566ac3775e70419b98615f4b06",
                "sha256:c38ce92cb22a4bea4e3929429aa1067a454dcc9c335799af93ba9be21b6beb51",
                "sha256:c391f594aae2fd9f679d419e9a4d5ba4bce5bb13f6a989195656e7dc4b95c8f0",
                "sha256:c70e00c2d894cb230e5c15e4b1e1e6b2b478e09cf27cc593a11ef955b9ecc81a",
                "sha256:df0c37ebd19e11d089ceba66eba59a168242fc6b7155cba4ffffa6eccdfb8f16",
                "sha256:e97fbb5387c69209f134893abc788a6486dbf2f9e511070ca05eed4b930b1b02",
                "sha256:f02a3a6c83df4026e55b63c1f06476c9aa3ed6af3d89b4f04ea656ccdaaaa359",
                "sha256:f821213d48f4ab353d20ebc24e4faf94ba40d76680642fb7ce2ea31a3ad94f9b",
                "sha256:f9d3558d263073ed95e46f4650becff0c5e1ffe0fc3a015de3c79283dfbdb3df"
            ],
            "index": "pypi",
            "markers": "python_version >= '3.9'",
            "version": "==2.2.1"
        },
        "pipenv": {
            "hashes": [
                "sha256:4aea73e23944e464ad2b849328e780ad121c5336e1c24a7ac15aa493c41c2341",
                "sha256:96c8af7c36691fbc648959f3f631954212398246c8cfcfa529ec09bc5d0bfd01"
            ],
            "index": "pypi",
            "markers": "python_version >= '3.8'",
            "version": "==2023.12.1"
        },
        "platformdirs": {
            "hashes": [
                "sha256:031cd18d4ec63ec53e82dceaac0417d218a6863f7745dfcc9efe7793b7039bdf",
                "sha256:17d5a1161b3fd67b390023cb2d3b026bbd40abde6fdb052dfbd3a29c3ba22ee1"
            ],
            "index": "pypi",
            "markers": "python_version >= '3.8'",
            "version": "==4.2.1"
        },
        "python-dateutil": {
            "hashes": [
                "sha256:37dd54208da7e1cd875388217d5e00ebd4179249f90fb72437e91a35459a0ad3",
                "sha256:a8b2bc7bffae282281c8140a97d3aa9c14da0b136dfe83f850eea9a5f7470427"
            ],
            "index": "pypi",
            "markers": "python_version >= '2.7' and python_version not in '3.0, 3.1, 3.2, 3.3'",
            "version": "==2.9.0.post0"
        },
        "pytz": {
            "hashes": [
                "sha256:2a29735ea9c18baf14b448846bde5a48030ed267578472d8955cd0e7443a9812",
                "sha256:328171f4e3623139da4983451950b28e95ac706e13f3f2630a879749e7a8b319"
            ],
            "index": "pypi",
            "version": "==2024.1"
        },
        "regex": {
            "hashes": [
                "sha256:0008650041531d0eadecc96a73d37c2dc4821cf51b0766e374cb4f1ddc4e1c14",
                "sha256:03299b0bcaa7824eb7c0ebd7ef1e3663302d1b533653bfe9dc7e595d453e2ae9",
                "sha256:06b1df01cf2aef3a9790858af524ae2588762c8a90e784ba00d003f045306204",
                "sha256:09b4b6ccc61d4119342b26246ddd5a04accdeebe36bdfe865ad87a0784efd77f",
                "sha256:0be0c34a39e5d04a62fd5342f0886d0e57592a4f4993b3f9d257c1f688b19737",
                "sha256:0d96eec8550fd2fd26f8e675f6d8b61b159482ad8ffa26991b894ed5ee19038b",
                "sha256:0eb0e2845e81bdea92b8281a3969632686502565abf4a0b9e4ab1471c863d8f3",
                "sha256:13bbf0c9453c6d16e5867bda7f6c0c7cff1decf96c5498318bb87f8136d2abd4",
                "sha256:17e51ad1e6131c496b58d317bc9abec71f44eb1957d32629d06013a21bc99cac",
                "sha256:1977bb64264815d3ef016625adc9df90e6d0e27e76260280c63eca993e3f455f",
                "sha256:1e30762ddddb22f7f14c4f59c34d3addabc789216d813b0f3e2788d7bcf0cf29",
                "sha256:1e73652057473ad3e6934944af090852a02590c349357b79182c1b681da2c772",
                "sha256:20e6a27959f162f979165e496add0d7d56d7038237092d1aba20b46de79158f1",
                "sha256:286ff9ec2709d56ae7517040be0d6c502642517ce9937ab6d89b1e7d0904f863",
                "sha256:297c42ede2c81f0cb6f34ea60b5cf6dc965d97fa6936c11fc3286019231f0d66",
                "sha256:320c2f4106962ecea0f33d8d31b985d3c185757c49c1fb735501515f963715ed",
                "sha256:35ed2f3c918a00b109157428abfc4e8d1ffabc37c8f9abc5939ebd1e95dabc47",
                "sha256:3d146e5591cb67c5e836229a04723a30af795ef9b70a0bbd913572e14b7b940f",
                "sha256:42bb37e2b2d25d958c25903f6125a41aaaa1ed49ca62c103331f24b8a459142f",
                "sha256:42d6007722d46bd2c95cce700181570b56edc0dcbadbfe7855ec26c3f2d7e008",
                "sha256:43eba5c46208deedec833663201752e865feddc840433285fbadee07b84b464d",
                "sha256:452519bc4c973e961b1620c815ea6dd8944a12d68e71002be5a7aff0a8361571",
                "sha256:4b9c16a807b17b17c4fa3a1d8c242467237be67ba92ad24ff51425329e7ae3d0",
                "sha256:5510932596a0f33399b7fff1bd61c59c977f2b8ee987b36539ba97eb3513584a",
                "sha256:55820bc631684172b9b56a991d217ec7c2e580d956591dc2144985113980f5a3",
                "sha256:57484d39447f94967e83e56db1b1108c68918c44ab519b8ecfc34b790ca52bf7",
                "sha256:58ba41e462653eaf68fc4a84ec4d350b26a98d030be1ab24aba1adcc78ffe447",
                "sha256:5bc5f921be39ccb65fdda741e04b2555917a4bced24b4df14eddc7569be3b493",
                "sha256:5dcc4168536c8f68654f014a3db49b6b4a26b226f735708be2054314ed4964f4",
                "sha256:5f92a7cdc6a0ae2abd184e8dfd6ef2279989d24c85d2c85d0423206284103ede",
                "sha256:67250b36edfa714ba62dc62d3f238e86db1065fccb538278804790f578253640",
                "sha256:6df070a986fc064d865c381aecf0aaff914178fdf6874da2f2387e82d93cc5bd",
                "sha256:729aa8ca624c42f309397c5fc9e21db90bf7e2fdd872461aabdbada33de9063c",
                "sha256:72bc3a5effa5974be6d965ed8301ac1e869bc18425c8a8fac179fbe7876e3aee",
                "sha256:74d86e8924835f863c34e646392ef39039405f6ce52956d8af16497af4064a30",
                "sha256:79e5af1ff258bc0fe0bdd6f69bc4ae33935a898e3cbefbbccf22e88a27fa053b",
                "sha256:7b103dffb9f6a47ed7ffdf352b78cfe058b1777617371226c1894e1be443afec",
                "sha256:83f03f0bd88c12e63ca2d024adeee75234d69808b341e88343b0232329e1f1a1",
                "sha256:86d7a68fa53688e1f612c3246044157117403c7ce19ebab7d02daf45bd63913e",
                "sha256:878c626cbca3b649e14e972c14539a01191d79e58934e3f3ef4a9e17f90277f8",
                "sha256:878f5d649ba1db9f52cc4ef491f7dba2d061cdc48dd444c54260eebc0b1729b9",
                "sha256:87bc01226cd288f0bd9a4f9f07bf6827134dc97a96c22e2d28628e824c8de231",
                "sha256:8babb2b5751105dc0aef2a2e539f4ba391e738c62038d8cb331c710f6b0f3da7",
                "sha256:91e0f7e7be77250b808a5f46d90bf0032527d3c032b2131b63dee54753a4d729",
                "sha256:9557545c10d52c845f270b665b52a6a972884725aa5cf12777374e18f2ea8960",
                "sha256:9ccb0a4ab926016867260c24c192d9df9586e834f5db83dfa2c8fffb3a6e5056",
                "sha256:9d828c5987d543d052b53c579a01a52d96b86f937b1777bbfe11ef2728929357",
                "sha256:9efa41d1527b366c88f265a227b20bcec65bda879962e3fc8a2aee11e81266d7",
                "sha256:aaf5317c961d93c1a200b9370fb1c6b6836cc7144fef3e5a951326912bf1f5a3",
                "sha256:ab69b4fe09e296261377d209068d52402fb85ef89dc78a9ac4a29a895f4e24a7",
                "sha256:ad397bc7d51d69cb07ef89e44243f971a04ce1dca9bf24c992c362406c0c6573",
                "sha256:ae17fc8103f3b63345709d3e9654a274eee1c6072592aec32b026efd401931d0",
                "sha256:af4d8cc28e4c7a2f6a9fed544228c567340f8258b6d7ea815b62a72817bbd178",
                "sha256:b22ff939a8856a44f4822da38ef4868bd3a9ade22bb6d9062b36957c850e404f",
                "sha256:b549d851f91a4efb3e65498bd4249b1447ab6035a9972f7fc215eb1f59328834",
                "sha256:be319f4eb400ee567b722e9ea63d5b2bb31464e3cf1b016502e3ee2de4f86f5c",
                "sha256:c0446b2871335d5a5e9fcf1462f954586b09a845832263db95059dcd01442015",
                "sha256:c68d2c04f7701a418ec2e5631b7f3552efc32f6bcc1739369c6eeb1af55f62e0",
                "sha256:c87ac58b9baaf50b6c1b81a18d20eda7e2883aa9a4fb4f1ca70f2e443bfcdc57",
                "sha256:caa2734ada16a44ae57b229d45091f06e30a9a52ace76d7574546ab23008c635",
                "sha256:cb34c2d66355fb70ae47b5595aafd7218e59bb9c00ad8cc3abd1406ca5874f07",
                "sha256:cb3652bbe6720786b9137862205986f3ae54a09dec8499a995ed58292bdf77c2",
                "sha256:cf668f26604e9f7aee9f8eaae4ca07a948168af90b96be97a4b7fa902a6d2ac1",
                "sha256:d326ff80ed531bf2507cba93011c30fff2dd51454c85f55df0f59f2030b1687b",
                "sha256:d6c2441538e4fadd4291c8420853431a229fcbefc1bf521810fbc2629d8ae8c2",
                "sha256:d6ecfd1970b3380a569d7b3ecc5dd70dba295897418ed9e31ec3c16a5ab099a5",
                "sha256:e5602a9b5074dcacc113bba4d2f011d2748f50e3201c8139ac5b68cf2a76bd8b",
                "sha256:ef806f684f17dbd6263d72a54ad4073af42b42effa3eb42b877e750c24c76f86",
                "sha256:f3356afbb301ec34a500b8ba8b47cba0b44ed4641c306e1dd981a08b416170b5",
                "sha256:f6f7ee2289176cb1d2c59a24f50900f8b9580259fa9f1a739432242e7d254f93",
                "sha256:f7e8f1ee28e0a05831c92dc1c0c1c94af5289963b7cf09eca5b5e3ce4f8c91b0",
                "sha256:f8169ec628880bdbca67082a9196e2106060a4a5cbd486ac51881a4df805a36f",
                "sha256:fbc88d3ba402b5d041d204ec2449c4078898f89c4a6e6f0ed1c1a510ef1e221d",
                "sha256:fbd3fe37353c62fd0eb19fb76f78aa693716262bcd5f9c14bb9e5aca4b3f0dc4"
            ],
            "index": "pypi",
            "markers": "python_version >= '3.6'",
            "version": "==2022.3.2"
        },
        "scipy": {
            "hashes": [
                "sha256:05f1432ba070e90d42d7fd836462c50bf98bd08bed0aa616c359eed8a04e3922",
                "sha256:09c74543c4fbeb67af6ce457f6a6a28e5d3739a87f62412e4a16e46f164f0ae5",
                "sha256:0fbcf8abaf5aa2dc8d6400566c1a727aed338b5fe880cde64907596a89d576fa",
                "sha256:109d391d720fcebf2fbe008621952b08e52907cf4c8c7efc7376822151820820",
                "sha256:1d2f7bb14c178f8b13ebae93f67e42b0a6b0fc50eba1cd8021c9b6e08e8fb1cd",
                "sha256:1e7626dfd91cdea5714f343ce1176b6c4745155d234f1033584154f60ef1ff42",
                "sha256:22789b56a999265431c417d462e5b7f2b487e831ca7bef5edeb56efe4c93f86e",
                "sha256:28e286bf9ac422d6beb559bc61312c348ca9b0f0dae0d7c5afde7f722d6ea13d",
                "sha256:33fde20efc380bd23a78a4d26d59fc8704e9b5fd9b08841693eb46716ba13d86",
                "sha256:45c08bec71d3546d606989ba6e7daa6f0992918171e2a6f7fbedfa7361c2de1e",
                "sha256:4dca18c3ffee287ddd3bc8f1dabaf45f5305c5afc9f8ab9cbfab855e70b2df5c",
                "sha256:5407708195cb38d70fd2d6bb04b1b9dd5c92297d86e9f9daae1576bd9e06f602",
                "sha256:58569af537ea29d3f78e5abd18398459f195546bb3be23d16677fb26616cc11e",
                "sha256:5e4a756355522eb60fcd61f8372ac2549073c8788f6114449b37e9e8104f15a5",
                "sha256:6bf9fe63e7a4bf01d3645b13ff2aa6dea023d38993f42aaac81a18b1bda7a82a",
                "sha256:8930ae3ea371d6b91c203b1032b9600d69c568e537b7988a3073dfe4d4774f21",
                "sha256:9ff7dad5d24a8045d836671e082a490848e8639cabb3dbdacb29f943a678683d",
                "sha256:a2f471de4d01200718b2b8927f7d76b5d9bde18047ea0fa8bd15c5ba3f26a1d6",
                "sha256:ac38c4c92951ac0f729c4c48c9e13eb3675d9986cc0c83943784d7390d540c78",
                "sha256:b2a3ff461ec4756b7e8e42e1c681077349a038f0686132d623fa404c0bee2551",
                "sha256:b5acd8e1dbd8dbe38d0004b1497019b2dbbc3d70691e65d69615f8a7292865d7",
                "sha256:b8434f6f3fa49f631fae84afee424e2483289dfc30a47755b4b4e6b07b2633a4",
                "sha256:ba419578ab343a4e0a77c0ef82f088238a93eef141b2b8017e46149776dfad4d",
                "sha256:d0de696f589681c2802f9090fff730c218f7c51ff49bf252b6a97ec4a5d19e8b",
                "sha256:dcbb9ea49b0167de4167c40eeee6e167caeef11effb0670b554d10b1e693a8b9"
            ],
            "index": "pypi",
            "markers": "python_version >= '3.9'",
            "version": "==1.13.0"
        },
        "setuptools": {
            "hashes": [
                "sha256:54faa7f2e8d2d11bcd2c07bed282eef1046b5c080d1c32add737d7b5817b1ad4",
                "sha256:f211a66637b8fa059bb28183da127d4e86396c991a942b028c6650d4319c3fd0"
            ],
            "markers": "python_version >= '3.8'",
            "version": "==70.0.0"
        },
        "six": {
            "hashes": [
                "sha256:1e61c37477a1626458e36f7b1d82aa5c9b094fa4802892072e49de9c60c4c926",
                "sha256:8abb2f1d86890a2dfb989f9a77cfcfd3e47c2a354b01111771326f8aa26e0254"
            ],
            "index": "pypi",
            "markers": "python_version >= '2.7' and python_version not in '3.0, 3.1, 3.2, 3.3'",
            "version": "==1.16.0"
        },
        "tqdm": {
            "hashes": [
                "sha256:1ee4f8a893eb9bef51c6e35730cebf234d5d0b6bd112b0271e10ed7c24a02bd9",
                "sha256:6cd52cdf0fef0e0f543299cfc96fec90d7b8a7e88745f411ec33eb44d5ed3531"
            ],
            "index": "pypi",
            "markers": "python_version >= '3.7'",
            "version": "==4.66.2"
        },
        "tzdata": {
            "hashes": [
                "sha256:2674120f8d891909751c38abcdfd386ac0a5a1127954fbc332af6b5ceae07efd",
                "sha256:9068bc196136463f5245e51efda838afa15aaeca9903f49050dfa2679db4d252"
            ],
            "index": "pypi",
            "markers": "python_version >= '2'",
            "version": "==2024.1"
        },
        "urllib3": {
            "hashes": [
                "sha256:450b20ec296a467077128bff42b73080516e71b56ff59a60a02bef2232c4fa9d",
                "sha256:d0570876c61ab9e520d776c38acbbb5b05a776d3f9ff98a5c8fd5162a444cf19"
            ],
            "index": "pypi",
            "markers": "python_version >= '3.8'",
            "version": "==2.2.1"
        },
        "virtualenv": {
            "hashes": [
                "sha256:0846377ea76e818daaa3e00a4365c018bc3ac9760cbb3544de542885aad61fb3",
                "sha256:ec25a9671a5102c8d2657f62792a27b48f016664c6873f6beed3800008577210"
            ],
            "index": "pypi",
            "markers": "python_version >= '3.7'",
            "version": "==20.26.0"
        },
        "watchdog": {
            "hashes": [
                "sha256:11e12fafb13372e18ca1bbf12d50f593e7280646687463dd47730fd4f4d5d257",
                "sha256:2895bf0518361a9728773083908801a376743bcc37dfa252b801af8fd281b1ca",
                "sha256:39cb34b1f1afbf23e9562501673e7146777efe95da24fab5707b88f7fb11649b",
                "sha256:45cc09cc4c3b43fb10b59ef4d07318d9a3ecdbff03abd2e36e77b6dd9f9a5c85",
                "sha256:4986db5e8880b0e6b7cd52ba36255d4793bf5cdc95bd6264806c233173b1ec0b",
                "sha256:5369136a6474678e02426bd984466343924d1df8e2fd94a9b443cb7e3aa20d19",
                "sha256:557ba04c816d23ce98a06e70af6abaa0485f6d94994ec78a42b05d1c03dcbd50",
                "sha256:6a4db54edea37d1058b08947c789a2354ee02972ed5d1e0dca9b0b820f4c7f92",
                "sha256:6a80d5cae8c265842c7419c560b9961561556c4361b297b4c431903f8c33b269",
                "sha256:6a9c71a0b02985b4b0b6d14b875a6c86ddea2fdbebd0c9a720a806a8bbffc69f",
                "sha256:6c47bdd680009b11c9ac382163e05ca43baf4127954c5f6d0250e7d772d2b80c",
                "sha256:6e949a8a94186bced05b6508faa61b7adacc911115664ccb1923b9ad1f1ccf7b",
                "sha256:73c7a935e62033bd5e8f0da33a4dcb763da2361921a69a5a95aaf6c93aa03a87",
                "sha256:76ad8484379695f3fe46228962017a7e1337e9acadafed67eb20aabb175df98b",
                "sha256:8350d4055505412a426b6ad8c521bc7d367d1637a762c70fdd93a3a0d595990b",
                "sha256:87e9df830022488e235dd601478c15ad73a0389628588ba0b028cb74eb72fed8",
                "sha256:8f9a542c979df62098ae9c58b19e03ad3df1c9d8c6895d96c0d51da17b243b1c",
                "sha256:8fec441f5adcf81dd240a5fe78e3d83767999771630b5ddfc5867827a34fa3d3",
                "sha256:9a03e16e55465177d416699331b0f3564138f1807ecc5f2de9d55d8f188d08c7",
                "sha256:ba30a896166f0fee83183cec913298151b73164160d965af2e93a20bbd2ab605",
                "sha256:c17d98799f32e3f55f181f19dd2021d762eb38fdd381b4a748b9f5a36738e935",
                "sha256:c522392acc5e962bcac3b22b9592493ffd06d1fc5d755954e6be9f4990de932b",
                "sha256:d0f9bd1fd919134d459d8abf954f63886745f4660ef66480b9d753a7c9d40927",
                "sha256:d18d7f18a47de6863cd480734613502904611730f8def45fc52a5d97503e5101",
                "sha256:d31481ccf4694a8416b681544c23bd271f5a123162ab603c7d7d2dd7dd901a07",
                "sha256:e3e7065cbdabe6183ab82199d7a4f6b3ba0a438c5a512a68559846ccb76a78ec",
                "sha256:eed82cdf79cd7f0232e2fdc1ad05b06a5e102a43e331f7d041e5f0e0a34a51c4",
                "sha256:f970663fa4f7e80401a7b0cbeec00fa801bf0287d93d48368fc3e6fa32716245",
                "sha256:f9b2fdca47dc855516b2d66eef3c39f2672cbf7e7a42e7e67ad2cbfcd6ba107d"
            ],
            "index": "pypi",
            "markers": "python_version >= '3.8'",
            "version": "==4.0.0"
        },
        "zstandard": {
            "hashes": [
                "sha256:11f0d1aab9516a497137b41e3d3ed4bbf7b2ee2abc79e5c8b010ad286d7464bd",
                "sha256:1958100b8a1cc3f27fa21071a55cb2ed32e9e5df4c3c6e661c193437f171cba2",
                "sha256:1a90ba9a4c9c884bb876a14be2b1d216609385efb180393df40e5172e7ecf356",
                "sha256:1d43501f5f31e22baf822720d82b5547f8a08f5386a883b32584a185675c8fbf",
                "sha256:23d2b3c2b8e7e5a6cb7922f7c27d73a9a615f0a5ab5d0e03dd533c477de23004",
                "sha256:2612e9bb4977381184bb2463150336d0f7e014d6bb5d4a370f9a372d21916f69",
                "sha256:275df437ab03f8c033b8a2c181e51716c32d831082d93ce48002a5227ec93019",
                "sha256:2ac9957bc6d2403c4772c890916bf181b2653640da98f32e04b96e4d6fb3252a",
                "sha256:2b11ea433db22e720758cba584c9d661077121fcf60ab43351950ded20283440",
                "sha256:2fdd53b806786bd6112d97c1f1e7841e5e4daa06810ab4b284026a1a0e484c0b",
                "sha256:33591d59f4956c9812f8063eff2e2c0065bc02050837f152574069f5f9f17775",
                "sha256:36a47636c3de227cd765e25a21dc5dace00539b82ddd99ee36abae38178eff9e",
                "sha256:39b2853efc9403927f9065cc48c9980649462acbdf81cd4f0cb773af2fd734bc",
                "sha256:3db41c5e49ef73641d5111554e1d1d3af106410a6c1fb52cf68912ba7a343a0d",
                "sha256:445b47bc32de69d990ad0f34da0e20f535914623d1e506e74d6bc5c9dc40bb09",
                "sha256:466e6ad8caefb589ed281c076deb6f0cd330e8bc13c5035854ffb9c2014b118c",
                "sha256:48f260e4c7294ef275744210a4010f116048e0c95857befb7462e033f09442fe",
                "sha256:4ac59d5d6910b220141c1737b79d4a5aa9e57466e7469a012ed42ce2d3995e88",
                "sha256:53866a9d8ab363271c9e80c7c2e9441814961d47f88c9bc3b248142c32141d94",
                "sha256:589402548251056878d2e7c8859286eb91bd841af117dbe4ab000e6450987e08",
                "sha256:68953dc84b244b053c0d5f137a21ae8287ecf51b20872eccf8eaac0302d3e3b0",
                "sha256:6c25b8eb733d4e741246151d895dd0308137532737f337411160ff69ca24f93a",
                "sha256:7034d381789f45576ec3f1fa0e15d741828146439228dc3f7c59856c5bcd3292",
                "sha256:73a1d6bd01961e9fd447162e137ed949c01bdb830dfca487c4a14e9742dccc93",
                "sha256:8226a33c542bcb54cd6bd0a366067b610b41713b64c9abec1bc4533d69f51e70",
                "sha256:888196c9c8893a1e8ff5e89b8f894e7f4f0e64a5af4d8f3c410f0319128bb2f8",
                "sha256:88c5b4b47a8a138338a07fc94e2ba3b1535f69247670abfe422de4e0b344aae2",
                "sha256:8a1b2effa96a5f019e72874969394edd393e2fbd6414a8208fea363a22803b45",
                "sha256:93e1856c8313bc688d5df069e106a4bc962eef3d13372020cc6e3ebf5e045202",
                "sha256:9501f36fac6b875c124243a379267d879262480bf85b1dbda61f5ad4d01b75a3",
                "sha256:959665072bd60f45c5b6b5d711f15bdefc9849dd5da9fb6c873e35f5d34d8cfb",
                "sha256:a1d67d0d53d2a138f9e29d8acdabe11310c185e36f0a848efa104d4e40b808e4",
                "sha256:a493d470183ee620a3df1e6e55b3e4de8143c0ba1b16f3ded83208ea8ddfd91d",
                "sha256:a7ccf5825fd71d4542c8ab28d4d482aace885f5ebe4b40faaa290eed8e095a4c",
                "sha256:a88b7df61a292603e7cd662d92565d915796b094ffb3d206579aaebac6b85d5f",
                "sha256:a97079b955b00b732c6f280d5023e0eefe359045e8b83b08cf0333af9ec78f26",
                "sha256:d22fdef58976457c65e2796e6730a3ea4a254f3ba83777ecfc8592ff8d77d303",
                "sha256:d75f693bb4e92c335e0645e8845e553cd09dc91616412d1d4650da835b5449df",
                "sha256:d8593f8464fb64d58e8cb0b905b272d40184eac9a18d83cf8c10749c3eafcd7e",
                "sha256:d8fff0f0c1d8bc5d866762ae95bd99d53282337af1be9dc0d88506b340e74b73",
                "sha256:de20a212ef3d00d609d0b22eb7cc798d5a69035e81839f549b538eff4105d01c",
                "sha256:e9e9d4e2e336c529d4c435baad846a181e39a982f823f7e4495ec0b0ec8538d2",
                "sha256:f058a77ef0ece4e210bb0450e68408d4223f728b109764676e1a13537d056bb0",
                "sha256:f1a4b358947a65b94e2501ce3e078bbc929b039ede4679ddb0460829b12f7375",
                "sha256:f9b2cde1cd1b2a10246dbc143ba49d942d14fb3d2b4bccf4618d475c65464912",
                "sha256:fe3390c538f12437b859d815040763abc728955a52ca6ff9c5d4ac707c4ad98e"
            ],
            "index": "pypi",
            "markers": "python_version >= '3.8'",
            "version": "==0.22.0"
        }
    },
    "develop": {}
}
